dependencies:
  idf:
    component_hash: null
    source:
      type: idf
    version: 5.1.2
  lvgl/lvgl:
    component_hash: d7c1ac037ae6e85d94897f807d6e7ba0946a83e720074fc95a4f6241da9f9f53
    source:
      service_url: https://api.components.espressif.com/
      type: service
    version: 8.4.0
manifest_hash: 5e1e81ce367604e4c8973611bff4809ccdbeafa47cbac98ac3519759cb330fe7
target: esp32s3
version: 1.0.0
